<Solution>
  <Folder Name="/src/">
    <Project Path="BookLendingService.Application/BookLendingService.Application.csproj" Id="2ecff13f-84e4-4330-b958-4dcc64e8944b" />
    <Project Path="BookLendingService.Data/BookLendingService.Data.csproj" Id="2a26fe01-8b51-4a1f-b75d-3ea1500a3b3f" />
    <Project Path="BookLendingService/BookLendingService.API.csproj" />
  </Folder>
  <Folder Name="/tests/">
    <Project Path="BookLendingService.API.Tests/BookLendingService.API.Tests.csproj" Id="801b6813-83d6-40d7-a429-9ee48ab93fb9" />
    <Project Path="BookLendingService.Application.Tests/BookLendingService.Application.Tests.csproj" Id="8056a521-a385-4ce6-a2a6-4f2726b5646c" />
    <Project Path="BookLendingService.Data.Tests/BookLendingService.Data.Tests.csproj" Id="dbb21aaf-136a-4bec-b802-41628c9bd752" />
  </Folder>
</Solution>
