
Microsoft Visual Studio Solution File, Format Version 12.00
# Visual Studio Version 17
VisualStudioVersion = 17.0.31903.59
MinimumVisualStudioVersion = 10.0.40219.1
Project("{2150E333-8FDC-42A3-9474-1A3956D46DE8}") = "BookLendingService", "BookLendingService", "{3E9AFB5C-1F85-D838-3A2E-4574E5A76D42}"
EndProject
Project("{FAE04EC0-301F-11D3-BF4B-00C04F79EFBC}") = "BookLendingService.API", "BookLendingService.API\BookLendingService.API.csproj", "{115DF0B2-A5B6-4187-92EF-C16F0BB55D89}"
EndProject
Project("{FAE04EC0-301F-11D3-BF4B-00C04F79EFBC}") = "BookLendingService.API.Tests", "BookLendingService.API.Tests\BookLendingService.API.Tests.csproj", "{A76E3533-FF7D-49C2-8EAA-5FB9D76BABBA}"
EndProject
Project("{FAE04EC0-301F-11D3-BF4B-00C04F79EFBC}") = "BookLendingService.Application", "BookLendingService.Application\BookLendingService.Application.csproj", "{CB091D66-F35E-426C-98FD-EB90A3512BD8}"
EndProject
Project("{FAE04EC0-301F-11D3-BF4B-00C04F79EFBC}") = "BookLendingService.Application.Tests", "BookLendingService.Application.Tests\BookLendingService.Application.Tests.csproj", "{588E1227-FD81-4984-B6C6-65C7AF66190B}"
EndProject
Project("{FAE04EC0-301F-11D3-BF4B-00C04F79EFBC}") = "BookLendingService.Data", "BookLendingService.Data\BookLendingService.Data.csproj", "{F1CA4503-F430-4122-84BB-234AA962CB4C}"
EndProject
Project("{FAE04EC0-301F-11D3-BF4B-00C04F79EFBC}") = "BookLendingService.Data.Tests", "BookLendingService.Data.Tests\BookLendingService.Data.Tests.csproj", "{C39F8A0F-686E-470B-A88A-60E91FC0E3B6}"
EndProject
Project("{2150E333-8FDC-42A3-9474-1A3956D46DE8}") = "src", "src", "{02EA681E-C7D8-13C7-8484-4AC65E1B71E8}"
EndProject
Project("{2150E333-8FDC-42A3-9474-1A3956D46DE8}") = "tests", "tests", "{A695DC5E-5A91-4DBB-9B80-662C90913FD6}"
EndProject
Project("{2150E333-8FDC-42A3-9474-1A3956D46DE8}") = "terraform", "terraform", "{C698A96D-82C7-4349-AAFE-8D19BD348AAD}"
	ProjectSection(SolutionItems) = preProject
		alb.tf = alb.tf
		ecs.tf = ecs.tf
		main.tf = main.tf
		iam.tf = iam.tf
		networking.tf = networking.tf
		outputs.tf = outputs.tf
		variables.tf = variables.tf
	EndProjectSection
EndProject
Global
	GlobalSection(SolutionConfigurationPlatforms) = preSolution
		Debug|Any CPU = Debug|Any CPU
		Debug|x64 = Debug|x64
		Debug|x86 = Debug|x86
		Release|Any CPU = Release|Any CPU
		Release|x64 = Release|x64
		Release|x86 = Release|x86
	EndGlobalSection
	GlobalSection(ProjectConfigurationPlatforms) = postSolution
		{115DF0B2-A5B6-4187-92EF-C16F0BB55D89}.Debug|Any CPU.ActiveCfg = Debug|Any CPU
		{115DF0B2-A5B6-4187-92EF-C16F0BB55D89}.Debug|Any CPU.Build.0 = Debug|Any CPU
		{115DF0B2-A5B6-4187-92EF-C16F0BB55D89}.Debug|x64.ActiveCfg = Debug|Any CPU
		{115DF0B2-A5B6-4187-92EF-C16F0BB55D89}.Debug|x64.Build.0 = Debug|Any CPU
		{115DF0B2-A5B6-4187-92EF-C16F0BB55D89}.Debug|x86.ActiveCfg = Debug|Any CPU
		{115DF0B2-A5B6-4187-92EF-C16F0BB55D89}.Debug|x86.Build.0 = Debug|Any CPU
		{115DF0B2-A5B6-4187-92EF-C16F0BB55D89}.Release|Any CPU.ActiveCfg = Release|Any CPU
		{115DF0B2-A5B6-4187-92EF-C16F0BB55D89}.Release|Any CPU.Build.0 = Release|Any CPU
		{115DF0B2-A5B6-4187-92EF-C16F0BB55D89}.Release|x64.ActiveCfg = Release|Any CPU
		{115DF0B2-A5B6-4187-92EF-C16F0BB55D89}.Release|x64.Build.0 = Release|Any CPU
		{115DF0B2-A5B6-4187-92EF-C16F0BB55D89}.Release|x86.ActiveCfg = Release|Any CPU
		{115DF0B2-A5B6-4187-92EF-C16F0BB55D89}.Release|x86.Build.0 = Release|Any CPU
		{A76E3533-FF7D-49C2-8EAA-5FB9D76BABBA}.Debug|Any CPU.ActiveCfg = Debug|Any CPU
		{A76E3533-FF7D-49C2-8EAA-5FB9D76BABBA}.Debug|Any CPU.Build.0 = Debug|Any CPU
		{A76E3533-FF7D-49C2-8EAA-5FB9D76BABBA}.Debug|x64.ActiveCfg = Debug|Any CPU
		{A76E3533-FF7D-49C2-8EAA-5FB9D76BABBA}.Debug|x64.Build.0 = Debug|Any CPU
		{A76E3533-FF7D-49C2-8EAA-5FB9D76BABBA}.Debug|x86.ActiveCfg = Debug|Any CPU
		{A76E3533-FF7D-49C2-8EAA-5FB9D76BABBA}.Debug|x86.Build.0 = Debug|Any CPU
		{A76E3533-FF7D-49C2-8EAA-5FB9D76BABBA}.Release|Any CPU.ActiveCfg = Release|Any CPU
		{A76E3533-FF7D-49C2-8EAA-5FB9D76BABBA}.Release|Any CPU.Build.0 = Release|Any CPU
		{A76E3533-FF7D-49C2-8EAA-5FB9D76BABBA}.Release|x64.ActiveCfg = Release|Any CPU
		{A76E3533-FF7D-49C2-8EAA-5FB9D76BABBA}.Release|x64.Build.0 = Release|Any CPU
		{A76E3533-FF7D-49C2-8EAA-5FB9D76BABBA}.Release|x86.ActiveCfg = Release|Any CPU
		{A76E3533-FF7D-49C2-8EAA-5FB9D76BABBA}.Release|x86.Build.0 = Release|Any CPU
		{CB091D66-F35E-426C-98FD-EB90A3512BD8}.Debug|Any CPU.ActiveCfg = Debug|Any CPU
		{CB091D66-F35E-426C-98FD-EB90A3512BD8}.Debug|Any CPU.Build.0 = Debug|Any CPU
		{CB091D66-F35E-426C-98FD-EB90A3512BD8}.Debug|x64.ActiveCfg = Debug|Any CPU
		{CB091D66-F35E-426C-98FD-EB90A3512BD8}.Debug|x64.Build.0 = Debug|Any CPU
		{CB091D66-F35E-426C-98FD-EB90A3512BD8}.Debug|x86.ActiveCfg = Debug|Any CPU
		{CB091D66-F35E-426C-98FD-EB90A3512BD8}.Debug|x86.Build.0 = Debug|Any CPU
		{CB091D66-F35E-426C-98FD-EB90A3512BD8}.Release|Any CPU.ActiveCfg = Release|Any CPU
		{CB091D66-F35E-426C-98FD-EB90A3512BD8}.Release|Any CPU.Build.0 = Release|Any CPU
		{CB091D66-F35E-426C-98FD-EB90A3512BD8}.Release|x64.ActiveCfg = Release|Any CPU
		{CB091D66-F35E-426C-98FD-EB90A3512BD8}.Release|x64.Build.0 = Release|Any CPU
		{CB091D66-F35E-426C-98FD-EB90A3512BD8}.Release|x86.ActiveCfg = Release|Any CPU
		{CB091D66-F35E-426C-98FD-EB90A3512BD8}.Release|x86.Build.0 = Release|Any CPU
		{588E1227-FD81-4984-B6C6-65C7AF66190B}.Debug|Any CPU.ActiveCfg = Debug|Any CPU
		{588E1227-FD81-4984-B6C6-65C7AF66190B}.Debug|Any CPU.Build.0 = Debug|Any CPU
		{588E1227-FD81-4984-B6C6-65C7AF66190B}.Debug|x64.ActiveCfg = Debug|Any CPU
		{588E1227-FD81-4984-B6C6-65C7AF66190B}.Debug|x64.Build.0 = Debug|Any CPU
		{588E1227-FD81-4984-B6C6-65C7AF66190B}.Debug|x86.ActiveCfg = Debug|Any CPU
		{588E1227-FD81-4984-B6C6-65C7AF66190B}.Debug|x86.Build.0 = Debug|Any CPU
		{588E1227-FD81-4984-B6C6-65C7AF66190B}.Release|Any CPU.ActiveCfg = Release|Any CPU
		{588E1227-FD81-4984-B6C6-65C7AF66190B}.Release|Any CPU.Build.0 = Release|Any CPU
		{588E1227-FD81-4984-B6C6-65C7AF66190B}.Release|x64.ActiveCfg = Release|Any CPU
		{588E1227-FD81-4984-B6C6-65C7AF66190B}.Release|x64.Build.0 = Release|Any CPU
		{588E1227-FD81-4984-B6C6-65C7AF66190B}.Release|x86.ActiveCfg = Release|Any CPU
		{588E1227-FD81-4984-B6C6-65C7AF66190B}.Release|x86.Build.0 = Release|Any CPU
		{F1CA4503-F430-4122-84BB-234AA962CB4C}.Debug|Any CPU.ActiveCfg = Debug|Any CPU
		{F1CA4503-F430-4122-84BB-234AA962CB4C}.Debug|Any CPU.Build.0 = Debug|Any CPU
		{F1CA4503-F430-4122-84BB-234AA962CB4C}.Debug|x64.ActiveCfg = Debug|Any CPU
		{F1CA4503-F430-4122-84BB-234AA962CB4C}.Debug|x64.Build.0 = Debug|Any CPU
		{F1CA4503-F430-4122-84BB-234AA962CB4C}.Debug|x86.ActiveCfg = Debug|Any CPU
		{F1CA4503-F430-4122-84BB-234AA962CB4C}.Debug|x86.Build.0 = Debug|Any CPU
		{F1CA4503-F430-4122-84BB-234AA962CB4C}.Release|Any CPU.ActiveCfg = Release|Any CPU
		{F1CA4503-F430-4122-84BB-234AA962CB4C}.Release|Any CPU.Build.0 = Release|Any CPU
		{F1CA4503-F430-4122-84BB-234AA962CB4C}.Release|x64.ActiveCfg = Release|Any CPU
		{F1CA4503-F430-4122-84BB-234AA962CB4C}.Release|x64.Build.0 = Release|Any CPU
		{F1CA4503-F430-4122-84BB-234AA962CB4C}.Release|x86.ActiveCfg = Release|Any CPU
		{F1CA4503-F430-4122-84BB-234AA962CB4C}.Release|x86.Build.0 = Release|Any CPU
		{C39F8A0F-686E-470B-A88A-60E91FC0E3B6}.Debug|Any CPU.ActiveCfg = Debug|Any CPU
		{C39F8A0F-686E-470B-A88A-60E91FC0E3B6}.Debug|Any CPU.Build.0 = Debug|Any CPU
		{C39F8A0F-686E-470B-A88A-60E91FC0E3B6}.Debug|x64.ActiveCfg = Debug|Any CPU
		{C39F8A0F-686E-470B-A88A-60E91FC0E3B6}.Debug|x64.Build.0 = Debug|Any CPU
		{C39F8A0F-686E-470B-A88A-60E91FC0E3B6}.Debug|x86.ActiveCfg = Debug|Any CPU
		{C39F8A0F-686E-470B-A88A-60E91FC0E3B6}.Debug|x86.Build.0 = Debug|Any CPU
		{C39F8A0F-686E-470B-A88A-60E91FC0E3B6}.Release|Any CPU.ActiveCfg = Release|Any CPU
		{C39F8A0F-686E-470B-A88A-60E91FC0E3B6}.Release|Any CPU.Build.0 = Release|Any CPU
		{C39F8A0F-686E-470B-A88A-60E91FC0E3B6}.Release|x64.ActiveCfg = Release|Any CPU
		{C39F8A0F-686E-470B-A88A-60E91FC0E3B6}.Release|x64.Build.0 = Release|Any CPU
		{C39F8A0F-686E-470B-A88A-60E91FC0E3B6}.Release|x86.ActiveCfg = Release|Any CPU
		{C39F8A0F-686E-470B-A88A-60E91FC0E3B6}.Release|x86.Build.0 = Release|Any CPU
	EndGlobalSection
	GlobalSection(SolutionProperties) = preSolution
		HideSolutionNode = FALSE
	EndGlobalSection
	GlobalSection(NestedProjects) = preSolution
		{115DF0B2-A5B6-4187-92EF-C16F0BB55D89} = {02EA681E-C7D8-13C7-8484-4AC65E1B71E8}
		{A76E3533-FF7D-49C2-8EAA-5FB9D76BABBA} = {A695DC5E-5A91-4DBB-9B80-662C90913FD6}
		{CB091D66-F35E-426C-98FD-EB90A3512BD8} = {02EA681E-C7D8-13C7-8484-4AC65E1B71E8}
		{588E1227-FD81-4984-B6C6-65C7AF66190B} = {A695DC5E-5A91-4DBB-9B80-662C90913FD6}
		{F1CA4503-F430-4122-84BB-234AA962CB4C} = {02EA681E-C7D8-13C7-8484-4AC65E1B71E8}
		{C39F8A0F-686E-470B-A88A-60E91FC0E3B6} = {A695DC5E-5A91-4DBB-9B80-662C90913FD6}
	EndGlobalSection
	GlobalSection(ExtensibilityGlobals) = postSolution
		SolutionGuid = {388CEEE6-7ABD-4BB3-A4D6-BD5463D3386B}
	EndGlobalSection
EndGlobal
